// !$*UTF8*$!
{
	archiveVersion = 1;
	classes = {
	};
	objectVersion = 46;
	objects = {

/* Begin PBXBuildFile section */
		3E1DB1BE20E9F57700AB67AA /* LNFingerLineView.m in Sources */ = {isa = PBXBuildFile; fileRef = 3E1DB1BD20E9F57700AB67AA /* LNFingerLineView.m */; };
		3E1DB1C120E9F6F800AB67AA /* LNFingerLineModel.m in Sources */ = {isa = PBXBuildFile; fileRef = 3E1DB1C020E9F6F800AB67AA /* LNFingerLineModel.m */; };
		3E5206881E7242DE00AC0874 /* test.swift in Sources */ = {isa = PBXBuildFile; fileRef = 3E5206871E7242DE00AC0874 /* test.swift */; };
		3E5206901E72B83100AC0874 /* NBNotificationView.m in Sources */ = {isa = PBXBuildFile; fileRef = 3E52068F1E72B83100AC0874 /* NBNotificationView.m */; };
		3E7933EB214F869D0055A180 /* UserLayerViewController.m in Sources */ = {isa = PBXBuildFile; fileRef = 3E7933EA214F869D0055A180 /* UserLayerViewController.m */; };
		3E7933EE214F88120055A180 /* QuartzCore.framework in Frameworks */ = {isa = PBXBuildFile; fileRef = 3E7933ED214F88120055A180 /* QuartzCore.framework */; };
		3E8FDBAF20FF41E90035FACD /* LNZheZhaoViewController.m in Sources */ = {isa = PBXBuildFile; fileRef = 3E8FDBAE20FF41E90035FACD /* LNZheZhaoViewController.m */; };
		3E9747461CD1BFAE00C09BEA /* main.m in Sources */ = {isa = PBXBuildFile; fileRef = 3E9747451CD1BFAE00C09BEA /* main.m */; };
		3E9747491CD1BFAE00C09BEA /* AppDelegate.m in Sources */ = {isa = PBXBuildFile; fileRef = 3E9747481CD1BFAE00C09BEA /* AppDelegate.m */; };
		3E97474C1CD1BFAE00C09BEA /* MasterViewController.m in Sources */ = {isa = PBXBuildFile; fileRef = 3E97474B1CD1BFAE00C09BEA /* MasterViewController.m */; };
		3E97474F1CD1BFAE00C09BEA /* DetailViewController.m in Sources */ = {isa = PBXBuildFile; fileRef = 3E97474E1CD1BFAE00C09BEA /* DetailViewController.m */; };
		3E9747541CD1BFAE00C09BEA /* Assets.xcassets in Resources */ = {isa = PBXBuildFile; fileRef = 3E9747531CD1BFAE00C09BEA /* Assets.xcassets */; };
		3E9747621CD1BFAE00C09BEA /* PageVCTests.m in Sources */ = {isa = PBXBuildFile; fileRef = 3E9747611CD1BFAE00C09BEA /* PageVCTests.m */; };
		3E97476D1CD1BFAE00C09BEA /* PageVCUITests.m in Sources */ = {isa = PBXBuildFile; fileRef = 3E97476C1CD1BFAE00C09BEA /* PageVCUITests.m */; };
		3EA54F6A2153C8870093C94E /* ShiJueViewController.m in Sources */ = {isa = PBXBuildFile; fileRef = 3EA54F692153C8870093C94E /* ShiJueViewController.m */; };
		3EC80C7F21D263F000C6B4CF /* TestCornerViewController.m in Sources */ = {isa = PBXBuildFile; fileRef = 3EC80C7E21D263F000C6B4CF /* TestCornerViewController.m */; };
		3ECBF7C32242348100B1BC79 /* MessageforWardVC.m in Sources */ = {isa = PBXBuildFile; fileRef = 3ECBF7C22242348100B1BC79 /* MessageforWardVC.m */; };
		3ECBF7C62242405200B1BC79 /* UIResponder+messageforward.m in Sources */ = {isa = PBXBuildFile; fileRef = 3ECBF7C52242405200B1BC79 /* UIResponder+messageforward.m */; };
		3ED38DF821DDB8B600DC131D /* NSArray+NOCrash.m in Sources */ = {isa = PBXBuildFile; fileRef = 3ED38DF721DDB8B600DC131D /* NSArray+NOCrash.m */; };
		3EDEAE5321512D22004E506E /* 1.png in Resources */ = {isa = PBXBuildFile; fileRef = 3EDEAE5221512D22004E506E /* 1.png */; };
		3EDEAE5721512D5D004E506E /* 4.png in Resources */ = {isa = PBXBuildFile; fileRef = 3EDEAE5421512D5C004E506E /* 4.png */; };
		3EDEAE5821512D5D004E506E /* 2.png in Resources */ = {isa = PBXBuildFile; fileRef = 3EDEAE5521512D5C004E506E /* 2.png */; };
		3EDEAE5921512D5D004E506E /* 3.png in Resources */ = {isa = PBXBuildFile; fileRef = 3EDEAE5621512D5C004E506E /* 3.png */; };
		3EE64D431EC054FB00FD06C5 /* ScanQRViewController.m in Sources */ = {isa = PBXBuildFile; fileRef = 3EE64D421EC054FB00FD06C5 /* ScanQRViewController.m */; };
		3EE64D531EC056EE00FD06C5 /* UIView+Animate.m in Sources */ = {isa = PBXBuildFile; fileRef = 3EE64D491EC056EE00FD06C5 /* UIView+Animate.m */; };
		3EE64D541EC056EE00FD06C5 /* UIView+Basic.m in Sources */ = {isa = PBXBuildFile; fileRef = 3EE64D4B1EC056EE00FD06C5 /* UIView+Basic.m */; };
		3EE64D551EC056EE00FD06C5 /* UITextField+utils.m in Sources */ = {isa = PBXBuildFile; fileRef = 3EE64D4C1EC056EE00FD06C5 /* UITextField+utils.m */; };
		3EE64D561EC056EE00FD06C5 /* UITextView+utils.m in Sources */ = {isa = PBXBuildFile; fileRef = 3EE64D4E1EC056EE00FD06C5 /* UITextView+utils.m */; };
		3EE64D571EC056EE00FD06C5 /* UITableViewCell+utils.m in Sources */ = {isa = PBXBuildFile; fileRef = 3EE64D501EC056EE00FD06C5 /* UITableViewCell+utils.m */; };
		3EE64D5A1EC0577200FD06C5 /* UIView+Extension.m in Sources */ = {isa = PBXBuildFile; fileRef = 3EE64D591EC0577200FD06C5 /* UIView+Extension.m */; };
		3EE64D601EC05C1800FD06C5 /* UIActionSheet+Blocks.m in Sources */ = {isa = PBXBuildFile; fileRef = 3EE64D5C1EC05C1800FD06C5 /* UIActionSheet+Blocks.m */; };
		3EE64D611EC05C1800FD06C5 /* UIAlertView+Block.m in Sources */ = {isa = PBXBuildFile; fileRef = 3EE64D5E1EC05C1800FD06C5 /* UIAlertView+Block.m */; };
		3EE64D641EC05CF600FD06C5 /* NSString+utils.m in Sources */ = {isa = PBXBuildFile; fileRef = 3EE64D631EC05CF600FD06C5 /* NSString+utils.m */; };
		3EF940481FC696A9009054B2 /* ZLWebViewController.m in Sources */ = {isa = PBXBuildFile; fileRef = 3EF940471FC696A9009054B2 /* ZLWebViewController.m */; };
		631BD67E228AB0DC00DC916A /* zhanghu.json in Resources */ = {isa = PBXBuildFile; fileRef = 631BD67D228AB0DC00DC916A /* zhanghu.json */; };
		631BD680228AB0E600DC916A /* kecheng.json in Resources */ = {isa = PBXBuildFile; fileRef = 631BD67F228AB0E500DC916A /* kecheng.json */; };
		631BD682228AB0F100DC916A /* haoke.json in Resources */ = {isa = PBXBuildFile; fileRef = 631BD681228AB0F100DC916A /* haoke.json */; };
		631BD684228AB0F800DC916A /* faxian.json in Resources */ = {isa = PBXBuildFile; fileRef = 631BD683228AB0F800DC916A /* faxian.json */; };
		631BD69C228AED4200DC916A /* haokeke.json in Resources */ = {isa = PBXBuildFile; fileRef = 631BD69B228AED4100DC916A /* haokeke.json */; };
		631BDA78228AF44E00DC916A /* haokekeke.json in Resources */ = {isa = PBXBuildFile; fileRef = 631BDA77228AF44E00DC916A /* haokekeke.json */; };
		631BDA93228C3E2900DC916A /* yindao.json in Resources */ = {isa = PBXBuildFile; fileRef = 631BDA92228C3E2900DC916A /* yindao.json */; };
		631BDC32229294C200DC916A /* img2_4.png in Resources */ = {isa = PBXBuildFile; fileRef = 631BDC12229294C100DC916A /* img2_4.png */; };
		631BDC33229294C200DC916A /* img2_1.png in Resources */ = {isa = PBXBuildFile; fileRef = 631BDC13229294C100DC916A /* img2_1.png */; };
		631BDC34229294C200DC916A /* img2_0.png in Resources */ = {isa = PBXBuildFile; fileRef = 631BDC14229294C100DC916A /* img2_0.png */; };
		631BDC35229294C200DC916A /* img2_2.png in Resources */ = {isa = PBXBuildFile; fileRef = 631BDC15229294C100DC916A /* img2_2.png */; };
		631BDC36229294C200DC916A /* img2_3.png in Resources */ = {isa = PBXBuildFile; fileRef = 631BDC16229294C100DC916A /* img2_3.png */; };
		631BDC37229294C200DC916A /* data2.json in Resources */ = {isa = PBXBuildFile; fileRef = 631BDC17229294C100DC916A /* data2.json */; };
		631BDC38229294C200DC916A /* img3_4.png in Resources */ = {isa = PBXBuildFile; fileRef = 631BDC1A229294C100DC916A /* img3_4.png */; };
		631BDC39229294C200DC916A /* img3_2.png in Resources */ = {isa = PBXBuildFile; fileRef = 631BDC1B229294C100DC916A /* img3_2.png */; };
		631BDC3A229294C200DC916A /* img3_3.png in Resources */ = {isa = PBXBuildFile; fileRef = 631BDC1C229294C100DC916A /* img3_3.png */; };
		631BDC3B229294C200DC916A /* img3_1.png in Resources */ = {isa = PBXBuildFile; fileRef = 631BDC1D229294C100DC916A /* img3_1.png */; };
		631BDC3C229294C200DC916A /* img3_0.png in Resources */ = {isa = PBXBuildFile; fileRef = 631BDC1E229294C100DC916A /* img3_0.png */; };
		631BDC3D229294C200DC916A /* data3.json in Resources */ = {isa = PBXBuildFile; fileRef = 631BDC1F229294C100DC916A /* data3.json */; };
		631BDC3E229294C200DC916A /* img4_1.png in Resources */ = {isa = PBXBuildFile; fileRef = 631BDC22229294C100DC916A /* img4_1.png */; };
		631BDC3F229294C200DC916A /* img4_0.png in Resources */ = {isa = PBXBuildFile; fileRef = 631BDC23229294C100DC916A /* img4_0.png */; };
		631BDC40229294C200DC916A /* img4_2.png in Resources */ = {isa = PBXBuildFile; fileRef = 631BDC24229294C100DC916A /* img4_2.png */; };
		631BDC41229294C200DC916A /* img4_3.png in Resources */ = {isa = PBXBuildFile; fileRef = 631BDC25229294C100DC916A /* img4_3.png */; };
		631BDC42229294C200DC916A /* data4.json in Resources */ = {isa = PBXBuildFile; fileRef = 631BDC26229294C100DC916A /* data4.json */; };
		63693204229538840009AEDD /* img_1.png in Resources */ = {isa = PBXBuildFile; fileRef = 636931FF229538840009AEDD /* img_1.png */; };
		63693205229538840009AEDD /* img_0.png in Resources */ = {isa = PBXBuildFile; fileRef = 63693200229538840009AEDD /* img_0.png */; };
		63693206229538840009AEDD /* img_2.png in Resources */ = {isa = PBXBuildFile; fileRef = 63693201229538840009AEDD /* img_2.png */; };
		63693207229538840009AEDD /* img_3.png in Resources */ = {isa = PBXBuildFile; fileRef = 63693202229538840009AEDD /* img_3.png */; };
		63693208229538840009AEDD /* img_4.png in Resources */ = {isa = PBXBuildFile; fileRef = 63693203229538840009AEDD /* img_4.png */; };
		6369320A2295388D0009AEDD /* data1.json in Resources */ = {isa = PBXBuildFile; fileRef = 636932092295388D0009AEDD /* data1.json */; };
		63A6A4EE22BBC95300F30801 /* CollectionViewController.m in Sources */ = {isa = PBXBuildFile; fileRef = 63A6A4ED22BBC95300F30801 /* CollectionViewController.m */; };
		63A6A4F122BBCBEB00F30801 /* VoiceBookCollectionViewCell.m in Sources */ = {isa = PBXBuildFile; fileRef = 63A6A4F022BBCBEB00F30801 /* VoiceBookCollectionViewCell.m */; };
		63A6E89F226EC42900CED18A /* WebPViewController.m in Sources */ = {isa = PBXBuildFile; fileRef = 63A6E89E226EC42900CED18A /* WebPViewController.m */; };
		63A6E8A1226EE2F400CED18A /* animated-gif-0.webp in Resources */ = {isa = PBXBuildFile; fileRef = 63A6E8A0226EE2F300CED18A /* animated-gif-0.webp */; };
		63A6E8A7226F1A4000CED18A /* Main.storyboard in Resources */ = {isa = PBXBuildFile; fileRef = 63A6E8A5226F1A4000CED18A /* Main.storyboard */; };
		63E929BF22805AA300A7ECEB /* NSDateFormatter+Category.m in Sources */ = {isa = PBXBuildFile; fileRef = 63E929BB22805AA200A7ECEB /* NSDateFormatter+Category.m */; };
		63E929C022805AA300A7ECEB /* NSDate+Category.m in Sources */ = {isa = PBXBuildFile; fileRef = 63E929BE22805AA300A7ECEB /* NSDate+Category.m */; };
		63E9D82E22BC785700636D67 /* BooksBackCollectionReusableView.m in Sources */ = {isa = PBXBuildFile; fileRef = 63E9D82D22BC785700636D67 /* BooksBackCollectionReusableView.m */; };
		63E9D83122BC788400636D67 /* img_shujia@2x.png in Resources */ = {isa = PBXBuildFile; fileRef = 63E9D82F22BC788300636D67 /* img_shujia@2x.png */; };
		63E9D83222BC788400636D67 /* img_shujia@3x.png in Resources */ = {isa = PBXBuildFile; fileRef = 63E9D83022BC788300636D67 /* img_shujia@3x.png */; };
		63E9D83522BC793B00636D67 /* BooksCollectionViewFlowLayout.m in Sources */ = {isa = PBXBuildFile; fileRef = 63E9D83422BC793B00636D67 /* BooksCollectionViewFlowLayout.m */; };
		CDC0EA34EB18ABAECE50316D /* libPods-PageVC.a in Frameworks */ = {isa = PBXBuildFile; fileRef = 5DAD6DAAC530E41E11799DD8 /* libPods-PageVC.a */; };
/* End PBXBuildFile section */

/* Begin PBXContainerItemProxy section */
		3E97475E1CD1BFAE00C09BEA /* PBXContainerItemProxy */ = {
			isa = PBXContainerItemProxy;
			containerPortal = 3E9747391CD1BFAD00C09BEA /* Project object */;
			proxyType = 1;
			remoteGlobalIDString = 3E9747401CD1BFAD00C09BEA;
			remoteInfo = PageVC;
		};
		3E9747691CD1BFAE00C09BEA /* PBXContainerItemProxy */ = {
			isa = PBXContainerItemProxy;
			containerPortal = 3E9747391CD1BFAD00C09BEA /* Project object */;
			proxyType = 1;
			remoteGlobalIDString = 3E9747401CD1BFAD00C09BEA;
			remoteInfo = PageVC;
		};
/* End PBXContainerItemProxy section */

/* Begin PBXFileReference section */
		3E1DB1BC20E9F57700AB67AA /* LNFingerLineView.h */ = {isa = PBXFileReference; lastKnownFileType = sourcecode.c.h; path = LNFingerLineView.h; sourceTree = "<group>"; };
		3E1DB1BD20E9F57700AB67AA /* LNFingerLineView.m */ = {isa = PBXFileReference; lastKnownFileType = sourcecode.c.objc; path = LNFingerLineView.m; sourceTree = "<group>"; };
		3E1DB1BF20E9F6F800AB67AA /* LNFingerLineModel.h */ = {isa = PBXFileReference; lastKnownFileType = sourcecode.c.h; path = LNFingerLineModel.h; sourceTree = "<group>"; };
		3E1DB1C020E9F6F800AB67AA /* LNFingerLineModel.m */ = {isa = PBXFileReference; lastKnownFileType = sourcecode.c.objc; path = LNFingerLineModel.m; sourceTree = "<group>"; };
		3E5206861E7242DE00AC0874 /* PageVC-Bridging-Header.h */ = {isa = PBXFileReference; lastKnownFileType = sourcecode.c.h; path = "PageVC-Bridging-Header.h"; sourceTree = "<group>"; };
		3E5206871E7242DE00AC0874 /* test.swift */ = {isa = PBXFileReference; fileEncoding = 4; lastKnownFileType = sourcecode.swift; path = test.swift; sourceTree = "<group>"; };
		3E52068E1E72B83100AC0874 /* NBNotificationView.h */ = {isa = PBXFileReference; fileEncoding = 4; lastKnownFileType = sourcecode.c.h; path = NBNotificationView.h; sourceTree = "<group>"; };
		3E52068F1E72B83100AC0874 /* NBNotificationView.m */ = {isa = PBXFileReference; fileEncoding = 4; lastKnownFileType = sourcecode.c.objc; path = NBNotificationView.m; sourceTree = "<group>"; };
		3E7933E9214F869D0055A180 /* UserLayerViewController.h */ = {isa = PBXFileReference; lastKnownFileType = sourcecode.c.h; path = UserLayerViewController.h; sourceTree = "<group>"; };
		3E7933EA214F869D0055A180 /* UserLayerViewController.m */ = {isa = PBXFileReference; lastKnownFileType = sourcecode.c.objc; path = UserLayerViewController.m; sourceTree = "<group>"; };
		3E7933ED214F88120055A180 /* QuartzCore.framework */ = {isa = PBXFileReference; lastKnownFileType = wrapper.framework; name = QuartzCore.framework; path = System/Library/Frameworks/QuartzCore.framework; sourceTree = SDKROOT; };
		3E7933EF214F916A0055A180 /* ic_1024.png */ = {isa = PBXFileReference; lastKnownFileType = image.png; name = ic_1024.png; path = "../../Desktop/工作/ic_1024.png"; sourceTree = "<group>"; };
		3E7933F3214F98500055A180 /* timg.jpg */ = {isa = PBXFileReference; lastKnownFileType = image.jpeg; name = timg.jpg; path = ../../Downloads/timg.jpg; sourceTree = "<group>"; };
		3E7933F5214F98600055A180 /* timg.jpg */ = {isa = PBXFileReference; lastKnownFileType = image.jpeg; path = timg.jpg; sourceTree = "<group>"; };
		3E7933F6214F98640055A180 /* ic_1024.png */ = {isa = PBXFileReference; lastKnownFileType = image.png; path = ic_1024.png; sourceTree = "<group>"; };
		3E7933F7214F9BA20055A180 /* ic_renzheng@2x.png */ = {isa = PBXFileReference; lastKnownFileType = image.png; name = "ic_renzheng@2x.png"; path = "../../Desktop/工作/学员档案APP端/app学生档案优化开发者使用文件/assets/ic_renzheng@2x.png"; sourceTree = "<group>"; };
		3E7933F9214F9BAB0055A180 /* ic_xueyuan@2x.png */ = {isa = PBXFileReference; lastKnownFileType = image.png; name = "ic_xueyuan@2x.png"; path = "../../Desktop/工作/学员档案APP端/app学生档案优化开发者使用文件/assets/ic_xueyuan@2x.png"; sourceTree = "<group>"; };
		3E7933FB214F9C500055A180 /* ic_gold medal@2x.png */ = {isa = PBXFileReference; lastKnownFileType = image.png; name = "ic_gold medal@2x.png"; path = "../../Desktop/工作/做作业功能/切图/ios/@2x/ic_gold medal@2x.png"; sourceTree = "<group>"; };
		3E8FDBAD20FF41E90035FACD /* LNZheZhaoViewController.h */ = {isa = PBXFileReference; lastKnownFileType = sourcecode.c.h; path = LNZheZhaoViewController.h; sourceTree = "<group>"; };
		3E8FDBAE20FF41E90035FACD /* LNZheZhaoViewController.m */ = {isa = PBXFileReference; lastKnownFileType = sourcecode.c.objc; path = LNZheZhaoViewController.m; sourceTree = "<group>"; };
		3E9747411CD1BFAD00C09BEA /* PageVC.app */ = {isa = PBXFileReference; explicitFileType = wrapper.application; includeInIndex = 0; path = PageVC.app; sourceTree = BUILT_PRODUCTS_DIR; };
		3E9747451CD1BFAE00C09BEA /* main.m */ = {isa = PBXFileReference; lastKnownFileType = sourcecode.c.objc; path = main.m; sourceTree = "<group>"; };
		3E9747471CD1BFAE00C09BEA /* AppDelegate.h */ = {isa = PBXFileReference; lastKnownFileType = sourcecode.c.h; path = AppDelegate.h; sourceTree = "<group>"; };
		3E9747481CD1BFAE00C09BEA /* AppDelegate.m */ = {isa = PBXFileReference; lastKnownFileType = sourcecode.c.objc; path = AppDelegate.m; sourceTree = "<group>"; };
		3E97474A1CD1BFAE00C09BEA /* MasterViewController.h */ = {isa = PBXFileReference; lastKnownFileType = sourcecode.c.h; path = MasterViewController.h; sourceTree = "<group>"; };
		3E97474B1CD1BFAE00C09BEA /* MasterViewController.m */ = {isa = PBXFileReference; lastKnownFileType = sourcecode.c.objc; path = MasterViewController.m; sourceTree = "<group>"; };
		3E97474D1CD1BFAE00C09BEA /* DetailViewController.h */ = {isa = PBXFileReference; lastKnownFileType = sourcecode.c.h; path = DetailViewController.h; sourceTree = "<group>"; };
		3E97474E1CD1BFAE00C09BEA /* DetailViewController.m */ = {isa = PBXFileReference; lastKnownFileType = sourcecode.c.objc; path = DetailViewController.m; sourceTree = "<group>"; };
		3E9747531CD1BFAE00C09BEA /* Assets.xcassets */ = {isa = PBXFileReference; lastKnownFileType = folder.assetcatalog; path = Assets.xcassets; sourceTree = "<group>"; };
		3E9747581CD1BFAE00C09BEA /* Info.plist */ = {isa = PBXFileReference; lastKnownFileType = text.plist.xml; path = Info.plist; sourceTree = "<group>"; };
		3E97475D1CD1BFAE00C09BEA /* PageVCTests.xctest */ = {isa = PBXFileReference; explicitFileType = wrapper.cfbundle; includeInIndex = 0; path = PageVCTests.xctest; sourceTree = BUILT_PRODUCTS_DIR; };
		3E9747611CD1BFAE00C09BEA /* PageVCTests.m */ = {isa = PBXFileReference; lastKnownFileType = sourcecode.c.objc; path = PageVCTests.m; sourceTree = "<group>"; };
		3E9747631CD1BFAE00C09BEA /* Info.plist */ = {isa = PBXFileReference; lastKnownFileType = text.plist.xml; path = Info.plist; sourceTree = "<group>"; };
		3E9747681CD1BFAE00C09BEA /* PageVCUITests.xctest */ = {isa = PBXFileReference; explicitFileType = wrapper.cfbundle; includeInIndex = 0; path = PageVCUITests.xctest; sourceTree = BUILT_PRODUCTS_DIR; };
		3E97476C1CD1BFAE00C09BEA /* PageVCUITests.m */ = {isa = PBXFileReference; lastKnownFileType = sourcecode.c.objc; path = PageVCUITests.m; sourceTree = "<group>"; };
		3E97476E1CD1BFAE00C09BEA /* Info.plist */ = {isa = PBXFileReference; lastKnownFileType = text.plist.xml; path = Info.plist; sourceTree = "<group>"; };
		3EA54F682153C8870093C94E /* ShiJueViewController.h */ = {isa = PBXFileReference; lastKnownFileType = sourcecode.c.h; path = ShiJueViewController.h; sourceTree = "<group>"; };
		3EA54F692153C8870093C94E /* ShiJueViewController.m */ = {isa = PBXFileReference; lastKnownFileType = sourcecode.c.objc; path = ShiJueViewController.m; sourceTree = "<group>"; };
		3EC80C7D21D263F000C6B4CF /* TestCornerViewController.h */ = {isa = PBXFileReference; lastKnownFileType = sourcecode.c.h; path = TestCornerViewController.h; sourceTree = "<group>"; };
		3EC80C7E21D263F000C6B4CF /* TestCornerViewController.m */ = {isa = PBXFileReference; lastKnownFileType = sourcecode.c.objc; path = TestCornerViewController.m; sourceTree = "<group>"; };
		3ECBF7C12242348100B1BC79 /* MessageforWardVC.h */ = {isa = PBXFileReference; lastKnownFileType = sourcecode.c.h; path = MessageforWardVC.h; sourceTree = "<group>"; };
		3ECBF7C22242348100B1BC79 /* MessageforWardVC.m */ = {isa = PBXFileReference; lastKnownFileType = sourcecode.c.objc; path = MessageforWardVC.m; sourceTree = "<group>"; };
		3ECBF7C42242405200B1BC79 /* UIResponder+messageforward.h */ = {isa = PBXFileReference; lastKnownFileType = sourcecode.c.h; path = "UIResponder+messageforward.h"; sourceTree = "<group>"; };
		3ECBF7C52242405200B1BC79 /* UIResponder+messageforward.m */ = {isa = PBXFileReference; lastKnownFileType = sourcecode.c.objc; path = "UIResponder+messageforward.m"; sourceTree = "<group>"; };
		3ED38DF621DDB8B600DC131D /* NSArray+NOCrash.h */ = {isa = PBXFileReference; lastKnownFileType = sourcecode.c.h; path = "NSArray+NOCrash.h"; sourceTree = "<group>"; };
		3ED38DF721DDB8B600DC131D /* NSArray+NOCrash.m */ = {isa = PBXFileReference; lastKnownFileType = sourcecode.c.objc; path = "NSArray+NOCrash.m"; sourceTree = "<group>"; };
		3EDEAE5221512D22004E506E /* 1.png */ = {isa = PBXFileReference; lastKnownFileType = image.png; path = 1.png; sourceTree = "<group>"; };
		3EDEAE5421512D5C004E506E /* 4.png */ = {isa = PBXFileReference; lastKnownFileType = image.png; path = 4.png; sourceTree = "<group>"; };
		3EDEAE5521512D5C004E506E /* 2.png */ = {isa = PBXFileReference; lastKnownFileType = image.png; path = 2.png; sourceTree = "<group>"; };
		3EDEAE5621512D5C004E506E /* 3.png */ = {isa = PBXFileReference; lastKnownFileType = image.png; path = 3.png; sourceTree = "<group>"; };
		3EE64D401EC0447200FD06C5 /* info.h */ = {isa = PBXFileReference; fileEncoding = 4; lastKnownFileType = sourcecode.c.h; path = info.h; sourceTree = "<group>"; };
		3EE64D411EC054FB00FD06C5 /* ScanQRViewController.h */ = {isa = PBXFileReference; fileEncoding = 4; lastKnownFileType = sourcecode.c.h; path = ScanQRViewController.h; sourceTree = "<group>"; };
		3EE64D421EC054FB00FD06C5 /* ScanQRViewController.m */ = {isa = PBXFileReference; fileEncoding = 4; lastKnownFileType = sourcecode.c.objc; path = ScanQRViewController.m; sourceTree = "<group>"; };
		3EE64D481EC056EE00FD06C5 /* UIView+Animate.h */ = {isa = PBXFileReference; fileEncoding = 4; lastKnownFileType = sourcecode.c.h; path = "UIView+Animate.h"; sourceTree = "<group>"; };
		3EE64D491EC056EE00FD06C5 /* UIView+Animate.m */ = {isa = PBXFileReference; fileEncoding = 4; lastKnownFileType = sourcecode.c.objc; path = "UIView+Animate.m"; sourceTree = "<group>"; };
		3EE64D4A1EC056EE00FD06C5 /* UIView+Basic.h */ = {isa = PBXFileReference; fileEncoding = 4; lastKnownFileType = sourcecode.c.h; path = "UIView+Basic.h"; sourceTree = "<group>"; };
		3EE64D4B1EC056EE00FD06C5 /* UIView+Basic.m */ = {isa = PBXFileReference; fileEncoding = 4; lastKnownFileType = sourcecode.c.objc; path = "UIView+Basic.m"; sourceTree = "<group>"; };
		3EE64D4C1EC056EE00FD06C5 /* UITextField+utils.m */ = {isa = PBXFileReference; fileEncoding = 4; lastKnownFileType = sourcecode.c.objc; path = "UITextField+utils.m"; sourceTree = "<group>"; };
		3EE64D4D1EC056EE00FD06C5 /* UITextView+utils.h */ = {isa = PBXFileReference; fileEncoding = 4; lastKnownFileType = sourcecode.c.h; path = "UITextView+utils.h"; sourceTree = "<group>"; };
		3EE64D4E1EC056EE00FD06C5 /* UITextView+utils.m */ = {isa = PBXFileReference; fileEncoding = 4; lastKnownFileType = sourcecode.c.objc; path = "UITextView+utils.m"; sourceTree = "<group>"; };
		3EE64D4F1EC056EE00FD06C5 /* UITableViewCell+utils.h */ = {isa = PBXFileReference; fileEncoding = 4; lastKnownFileType = sourcecode.c.h; path = "UITableViewCell+utils.h"; sourceTree = "<group>"; };
		3EE64D501EC056EE00FD06C5 /* UITableViewCell+utils.m */ = {isa = PBXFileReference; fileEncoding = 4; lastKnownFileType = sourcecode.c.objc; path = "UITableViewCell+utils.m"; sourceTree = "<group>"; };
		3EE64D511EC056EE00FD06C5 /* UITextField+utils.h */ = {isa = PBXFileReference; fileEncoding = 4; lastKnownFileType = sourcecode.c.h; path = "UITextField+utils.h"; sourceTree = "<group>"; };
		3EE64D581EC0577200FD06C5 /* UIView+Extension.h */ = {isa = PBXFileReference; fileEncoding = 4; lastKnownFileType = sourcecode.c.h; path = "UIView+Extension.h"; sourceTree = "<group>"; };
		3EE64D591EC0577200FD06C5 /* UIView+Extension.m */ = {isa = PBXFileReference; fileEncoding = 4; lastKnownFileType = sourcecode.c.objc; path = "UIView+Extension.m"; sourceTree = "<group>"; };
		3EE64D5B1EC0590D00FD06C5 /* PageVC-Prefix.pch */ = {isa = PBXFileReference; lastKnownFileType = sourcecode.c.h; path = "PageVC-Prefix.pch"; sourceTree = "<group>"; };
		3EE64D5C1EC05C1800FD06C5 /* UIActionSheet+Blocks.m */ = {isa = PBXFileReference; fileEncoding = 4; lastKnownFileType = sourcecode.c.objc; path = "UIActionSheet+Blocks.m"; sourceTree = "<group>"; };
		3EE64D5D1EC05C1800FD06C5 /* UIActionSheet+Blocks.h */ = {isa = PBXFileReference; fileEncoding = 4; lastKnownFileType = sourcecode.c.h; path = "UIActionSheet+Blocks.h"; sourceTree = "<group>"; };
		3EE64D5E1EC05C1800FD06C5 /* UIAlertView+Block.m */ = {isa = PBXFileReference; fileEncoding = 4; lastKnownFileType = sourcecode.c.objc; path = "UIAlertView+Block.m"; sourceTree = "<group>"; };
		3EE64D5F1EC05C1800FD06C5 /* UIAlertView+Block.h */ = {isa = PBXFileReference; fileEncoding = 4; lastKnownFileType = sourcecode.c.h; path = "UIAlertView+Block.h"; sourceTree = "<group>"; };
		3EE64D621EC05CF600FD06C5 /* NSString+utils.h */ = {isa = PBXFileReference; fileEncoding = 4; lastKnownFileType = sourcecode.c.h; path = "NSString+utils.h"; sourceTree = "<group>"; };
		3EE64D631EC05CF600FD06C5 /* NSString+utils.m */ = {isa = PBXFileReference; fileEncoding = 4; lastKnownFileType = sourcecode.c.objc; path = "NSString+utils.m"; sourceTree = "<group>"; };
		3EF940461FC696A9009054B2 /* ZLWebViewController.h */ = {isa = PBXFileReference; fileEncoding = 4; lastKnownFileType = sourcecode.c.h; path = ZLWebViewController.h; sourceTree = "<group>"; };
		3EF940471FC696A9009054B2 /* ZLWebViewController.m */ = {isa = PBXFileReference; fileEncoding = 4; lastKnownFileType = sourcecode.c.objc; path = ZLWebViewController.m; sourceTree = "<group>"; };
		5456943971345C1AF99B4B63 /* Pods-PageVC.release.xcconfig */ = {isa = PBXFileReference; includeInIndex = 1; lastKnownFileType = text.xcconfig; name = "Pods-PageVC.release.xcconfig"; path = "Target Support Files/Pods-PageVC/Pods-PageVC.release.xcconfig"; sourceTree = "<group>"; };
		5DAD6DAAC530E41E11799DD8 /* libPods-PageVC.a */ = {isa = PBXFileReference; explicitFileType = archive.ar; includeInIndex = 0; path = "libPods-PageVC.a"; sourceTree = BUILT_PRODUCTS_DIR; };
		631BD67D228AB0DC00DC916A /* zhanghu.json */ = {isa = PBXFileReference; fileEncoding = 4; lastKnownFileType = text.json; path = zhanghu.json; sourceTree = "<group>"; };
		631BD67F228AB0E500DC916A /* kecheng.json */ = {isa = PBXFileReference; fileEncoding = 4; lastKnownFileType = text.json; path = kecheng.json; sourceTree = "<group>"; };
		631BD681228AB0F100DC916A /* haoke.json */ = {isa = PBXFileReference; fileEncoding = 4; lastKnownFileType = text.json; path = haoke.json; sourceTree = "<group>"; };
		631BD683228AB0F800DC916A /* faxian.json */ = {isa = PBXFileReference; fileEncoding = 4; lastKnownFileType = text.json; path = faxian.json; sourceTree = "<group>"; };
		631BD69B228AED4100DC916A /* haokeke.json */ = {isa = PBXFileReference; fileEncoding = 4; lastKnownFileType = text.json; path = haokeke.json; sourceTree = "<group>"; };
		631BDA77228AF44E00DC916A /* haokekeke.json */ = {isa = PBXFileReference; fileEncoding = 4; lastKnownFileType = text.json; path = haokekeke.json; sourceTree = "<group>"; };
		631BDA92228C3E2900DC916A /* yindao.json */ = {isa = PBXFileReference; fileEncoding = 4; lastKnownFileType = text.json; path = yindao.json; sourceTree = "<group>"; };
		631BDC12229294C100DC916A /* img2_4.png */ = {isa = PBXFileReference; lastKnownFileType = image.png; path = img2_4.png; sourceTree = "<group>"; };
		631BDC13229294C100DC916A /* img2_1.png */ = {isa = PBXFileReference; lastKnownFileType = image.png; path = img2_1.png; sourceTree = "<group>"; };
		631BDC14229294C100DC916A /* img2_0.png */ = {isa = PBXFileReference; lastKnownFileType = image.png; path = img2_0.png; sourceTree = "<group>"; };
		631BDC15229294C100DC916A /* img2_2.png */ = {isa = PBXFileReference; lastKnownFileType = image.png; path = img2_2.png; sourceTree = "<group>"; };
		631BDC16229294C100DC916A /* img2_3.png */ = {isa = PBXFileReference; lastKnownFileType = image.png; path = img2_3.png; sourceTree = "<group>"; };
		631BDC17229294C100DC916A /* data2.json */ = {isa = PBXFileReference; fileEncoding = 4; lastKnownFileType = text.json; path = data2.json; sourceTree = "<group>"; };
		631BDC1A229294C100DC916A /* img3_4.png */ = {isa = PBXFileReference; lastKnownFileType = image.png; path = img3_4.png; sourceTree = "<group>"; };
		631BDC1B229294C100DC916A /* img3_2.png */ = {isa = PBXFileReference; lastKnownFileType = image.png; path = img3_2.png; sourceTree = "<group>"; };
		631BDC1C229294C100DC916A /* img3_3.png */ = {isa = PBXFileReference; lastKnownFileType = image.png; path = img3_3.png; sourceTree = "<group>"; };
		631BDC1D229294C100DC916A /* img3_1.png */ = {isa = PBXFileReference; lastKnownFileType = image.png; path = img3_1.png; sourceTree = "<group>"; };
		631BDC1E229294C100DC916A /* img3_0.png */ = {isa = PBXFileReference; lastKnownFileType = image.png; path = img3_0.png; sourceTree = "<group>"; };
		631BDC1F229294C100DC916A /* data3.json */ = {isa = PBXFileReference; fileEncoding = 4; lastKnownFileType = text.json; path = data3.json; sourceTree = "<group>"; };
		631BDC22229294C100DC916A /* img4_1.png */ = {isa = PBXFileReference; lastKnownFileType = image.png; path = img4_1.png; sourceTree = "<group>"; };
		631BDC23229294C100DC916A /* img4_0.png */ = {isa = PBXFileReference; lastKnownFileType = image.png; path = img4_0.png; sourceTree = "<group>"; };
		631BDC24229294C100DC916A /* img4_2.png */ = {isa = PBXFileReference; lastKnownFileType = image.png; path = img4_2.png; sourceTree = "<group>"; };
		631BDC25229294C100DC916A /* img4_3.png */ = {isa = PBXFileReference; lastKnownFileType = image.png; path = img4_3.png; sourceTree = "<group>"; };
		631BDC26229294C100DC916A /* data4.json */ = {isa = PBXFileReference; fileEncoding = 4; lastKnownFileType = text.json; path = data4.json; sourceTree = "<group>"; };
		636931FF229538840009AEDD /* img_1.png */ = {isa = PBXFileReference; lastKnownFileType = image.png; path = img_1.png; sourceTree = "<group>"; };
		63693200229538840009AEDD /* img_0.png */ = {isa = PBXFileReference; lastKnownFileType = image.png; path = img_0.png; sourceTree = "<group>"; };
		63693201229538840009AEDD /* img_2.png */ = {isa = PBXFileReference; lastKnownFileType = image.png; path = img_2.png; sourceTree = "<group>"; };
		63693202229538840009AEDD /* img_3.png */ = {isa = PBXFileReference; lastKnownFileType = image.png; path = img_3.png; sourceTree = "<group>"; };
		63693203229538840009AEDD /* img_4.png */ = {isa = PBXFileReference; lastKnownFileType = image.png; path = img_4.png; sourceTree = "<group>"; };
		636932092295388D0009AEDD /* data1.json */ = {isa = PBXFileReference; fileEncoding = 4; lastKnownFileType = text.json; path = data1.json; sourceTree = "<group>"; };
		63A6A4EC22BBC95300F30801 /* CollectionViewController.h */ = {isa = PBXFileReference; lastKnownFileType = sourcecode.c.h; path = CollectionViewController.h; sourceTree = "<group>"; };
		63A6A4ED22BBC95300F30801 /* CollectionViewController.m */ = {isa = PBXFileReference; lastKnownFileType = sourcecode.c.objc; path = CollectionViewController.m; sourceTree = "<group>"; };
		63A6A4EF22BBCBEB00F30801 /* VoiceBookCollectionViewCell.h */ = {isa = PBXFileReference; lastKnownFileType = sourcecode.c.h; path = VoiceBookCollectionViewCell.h; sourceTree = "<group>"; };
		63A6A4F022BBCBEB00F30801 /* VoiceBookCollectionViewCell.m */ = {isa = PBXFileReference; lastKnownFileType = sourcecode.c.objc; path = VoiceBookCollectionViewCell.m; sourceTree = "<group>"; };
		63A6E89D226EC42900CED18A /* WebPViewController.h */ = {isa = PBXFileReference; lastKnownFileType = sourcecode.c.h; path = WebPViewController.h; sourceTree = "<group>"; };
		63A6E89E226EC42900CED18A /* WebPViewController.m */ = {isa = PBXFileReference; lastKnownFileType = sourcecode.c.objc; path = WebPViewController.m; sourceTree = "<group>"; };
		63A6E8A0226EE2F300CED18A /* animated-gif-0.webp */ = {isa = PBXFileReference; lastKnownFileType = file; path = "animated-gif-0.webp"; sourceTree = "<group>"; };
		63A6E8A6226F1A4000CED18A /* Base */ = {isa = PBXFileReference; lastKnownFileType = file.storyboard; name = Base; path = Base.lproj/Main.storyboard; sourceTree = "<group>"; };
		63E929BB22805AA200A7ECEB /* NSDateFormatter+Category.m */ = {isa = PBXFileReference; fileEncoding = 4; lastKnownFileType = sourcecode.c.objc; path = "NSDateFormatter+Category.m"; sourceTree = "<group>"; };
		63E929BC22805AA300A7ECEB /* NSDateFormatter+Category.h */ = {isa = PBXFileReference; fileEncoding = 4; lastKnownFileType = sourcecode.c.h; path = "NSDateFormatter+Category.h"; sourceTree = "<group>"; };
		63E929BD22805AA300A7ECEB /* NSDate+Category.h */ = {isa = PBXFileReference; fileEncoding = 4; lastKnownFileType = sourcecode.c.h; path = "NSDate+Category.h"; sourceTree = "<group>"; };
		63E929BE22805AA300A7ECEB /* NSDate+Category.m */ = {isa = PBXFileReference; fileEncoding = 4; lastKnownFileType = sourcecode.c.objc; path = "NSDate+Category.m"; sourceTree = "<group>"; };
		63E9D82C22BC785700636D67 /* BooksBackCollectionReusableView.h */ = {isa = PBXFileReference; lastKnownFileType = sourcecode.c.h; path = BooksBackCollectionReusableView.h; sourceTree = "<group>"; };
		63E9D82D22BC785700636D67 /* BooksBackCollectionReusableView.m */ = {isa = PBXFileReference; lastKnownFileType = sourcecode.c.objc; path = BooksBackCollectionReusableView.m; sourceTree = "<group>"; };
		63E9D82F22BC788300636D67 /* img_shujia@2x.png */ = {isa = PBXFileReference; lastKnownFileType = image.png; path = "img_shujia@2x.png"; sourceTree = "<group>"; };
		63E9D83022BC788300636D67 /* img_shujia@3x.png */ = {isa = PBXFileReference; lastKnownFileType = image.png; path = "img_shujia@3x.png"; sourceTree = "<group>"; };
		63E9D83322BC793B00636D67 /* BooksCollectionViewFlowLayout.h */ = {isa = PBXFileReference; lastKnownFileType = sourcecode.c.h; path = BooksCollectionViewFlowLayout.h; sourceTree = "<group>"; };
		63E9D83422BC793B00636D67 /* BooksCollectionViewFlowLayout.m */ = {isa = PBXFileReference; lastKnownFileType = sourcecode.c.objc; path = BooksCollectionViewFlowLayout.m; sourceTree = "<group>"; };
		90842C14B06A0068CF04E6D5 /* Pods-PageVC.debug.xcconfig */ = {isa = PBXFileReference; includeInIndex = 1; lastKnownFileType = text.xcconfig; name = "Pods-PageVC.debug.xcconfig"; path = "Target Support Files/Pods-PageVC/Pods-PageVC.debug.xcconfig"; sourceTree = "<group>"; };
/* End PBXFileReference section */

/* Begin PBXFrameworksBuildPhase section */
		3E97473E1CD1BFAD00C09BEA /* Frameworks */ = {
			isa = PBXFrameworksBuildPhase;
			buildActionMask = 2147483647;
			files = (
				3E7933EE214F88120055A180 /* QuartzCore.framework in Frameworks */,
				CDC0EA34EB18ABAECE50316D /* libPods-PageVC.a in Frameworks */,
			);
			runOnlyForDeploymentPostprocessing = 0;
		};
		3E97475A1CD1BFAE00C09BEA /* Frameworks */ = {
			isa = PBXFrameworksBuildPhase;
			buildActionMask = 2147483647;
			files = (
			);
			runOnlyForDeploymentPostprocessing = 0;
		};
		3E9747651CD1BFAE00C09BEA /* Frameworks */ = {
			isa = PBXFrameworksBuildPhase;
			buildActionMask = 2147483647;
			files = (
			);
			runOnlyForDeploymentPostprocessing = 0;
		};
/* End PBXFrameworksBuildPhase section */

/* Begin PBXGroup section */
		3E1DB1BB20E9F51800AB67AA /* tuya */ = {
			isa = PBXGroup;
			children = (
				3E1DB1BC20E9F57700AB67AA /* LNFingerLineView.h */,
				3E1DB1BD20E9F57700AB67AA /* LNFingerLineView.m */,
				3E1DB1BF20E9F6F800AB67AA /* LNFingerLineModel.h */,
				3E1DB1C020E9F6F800AB67AA /* LNFingerLineModel.m */,
			);
			name = tuya;
			sourceTree = "<group>";
		};
		3E7933E8214F864B0055A180 /* tuceng */ = {
			isa = PBXGroup;
			children = (
				3E7933F5214F98600055A180 /* timg.jpg */,
				3E7933E9214F869D0055A180 /* UserLayerViewController.h */,
				3E7933EA214F869D0055A180 /* UserLayerViewController.m */,
				3EDEAE5221512D22004E506E /* 1.png */,
				3EDEAE5521512D5C004E506E /* 2.png */,
				3EDEAE5621512D5C004E506E /* 3.png */,
				3EDEAE5421512D5C004E506E /* 4.png */,
				3E7933F7214F9BA20055A180 /* ic_renzheng@2x.png */,
				3E7933FB214F9C500055A180 /* ic_gold medal@2x.png */,
				3E7933F9214F9BAB0055A180 /* ic_xueyuan@2x.png */,
				3E7933F6214F98640055A180 /* ic_1024.png */,
			);
			name = tuceng;
			sourceTree = "<group>";
		};
		3E7933EC214F88110055A180 /* Frameworks */ = {
			isa = PBXGroup;
			children = (
				3E7933ED214F88120055A180 /* QuartzCore.framework */,
				5DAD6DAAC530E41E11799DD8 /* libPods-PageVC.a */,
			);
			name = Frameworks;
			sourceTree = "<group>";
		};
		3E8FDBAC20FF41B80035FACD /* zhezhao */ = {
			isa = PBXGroup;
			children = (
				3E8FDBAD20FF41E90035FACD /* LNZheZhaoViewController.h */,
				3E8FDBAE20FF41E90035FACD /* LNZheZhaoViewController.m */,
				3E7933F3214F98500055A180 /* timg.jpg */,
				3E7933EF214F916A0055A180 /* ic_1024.png */,
			);
			name = zhezhao;
			sourceTree = "<group>";
		};
		3E9747381CD1BFAD00C09BEA = {
			isa = PBXGroup;
			children = (
				3E9747431CD1BFAE00C09BEA /* PageVC */,
				3E9747601CD1BFAE00C09BEA /* PageVCTests */,
				3E97476B1CD1BFAE00C09BEA /* PageVCUITests */,
				3E9747421CD1BFAD00C09BEA /* Products */,
				3E7933EC214F88110055A180 /* Frameworks */,
				CFE81A1F151D951CC2602640 /* Pods */,
			);
			sourceTree = "<group>";
		};
		3E9747421CD1BFAD00C09BEA /* Products */ = {
			isa = PBXGroup;
			children = (
				3E9747411CD1BFAD00C09BEA /* PageVC.app */,
				3E97475D1CD1BFAE00C09BEA /* PageVCTests.xctest */,
				3E9747681CD1BFAE00C09BEA /* PageVCUITests.xctest */,
			);
			name = Products;
			sourceTree = "<group>";
		};
		3E9747431CD1BFAE00C09BEA /* PageVC */ = {
			isa = PBXGroup;
			children = (
				63A6A4EB22BBC91800F30801 /* collectionView */,
				63A6E89C226EC3F000CED18A /* webpDongTu */,
				3ECBF7C0224233FF00B1BC79 /* test */,
				3ED38DF921DDB8C200DC131D /* NoCrashArrayAndDic */,
				3EA54F672153C8520093C94E /* shijuexiaoguo */,
				3E7933E8214F864B0055A180 /* tuceng */,
				3E8FDBAC20FF41B80035FACD /* zhezhao */,
				3E1DB1BB20E9F51800AB67AA /* tuya */,
				3E9747471CD1BFAE00C09BEA /* AppDelegate.h */,
				3E9747481CD1BFAE00C09BEA /* AppDelegate.m */,
				3EE64D451EC056B900FD06C5 /* base */,
				3E97474A1CD1BFAE00C09BEA /* MasterViewController.h */,
				3E97474B1CD1BFAE00C09BEA /* MasterViewController.m */,
				3E97474D1CD1BFAE00C09BEA /* DetailViewController.h */,
				3E97474E1CD1BFAE00C09BEA /* DetailViewController.m */,
				3E52068E1E72B83100AC0874 /* NBNotificationView.h */,
				3E52068F1E72B83100AC0874 /* NBNotificationView.m */,
				3EF940451FC6967A009054B2 /* webview */,
				3EE64D441EC0550700FD06C5 /* scanQR */,
				3EE64D401EC0447200FD06C5 /* info.h */,
				3E5206871E7242DE00AC0874 /* test.swift */,
				63A6E8A5226F1A4000CED18A /* Main.storyboard */,
				3EE64D5B1EC0590D00FD06C5 /* PageVC-Prefix.pch */,
				3E9747531CD1BFAE00C09BEA /* Assets.xcassets */,
				3E9747581CD1BFAE00C09BEA /* Info.plist */,
				3E9747441CD1BFAE00C09BEA /* Supporting Files */,
				3E5206861E7242DE00AC0874 /* PageVC-Bridging-Header.h */,
			);
			path = PageVC;
			sourceTree = "<group>";
		};
		3E9747441CD1BFAE00C09BEA /* Supporting Files */ = {
			isa = PBXGroup;
			children = (
				3E9747451CD1BFAE00C09BEA /* main.m */,
			);
			name = "Supporting Files";
			sourceTree = "<group>";
		};
		3E9747601CD1BFAE00C09BEA /* PageVCTests */ = {
			isa = PBXGroup;
			children = (
				3E9747611CD1BFAE00C09BEA /* PageVCTests.m */,
				3E9747631CD1BFAE00C09BEA /* Info.plist */,
			);
			path = PageVCTests;
			sourceTree = "<group>";
		};
		3E97476B1CD1BFAE00C09BEA /* PageVCUITests */ = {
			isa = PBXGroup;
			children = (
				3E97476C1CD1BFAE00C09BEA /* PageVCUITests.m */,
				3E97476E1CD1BFAE00C09BEA /* Info.plist */,
			);
			path = PageVCUITests;
			sourceTree = "<group>";
		};
		3EA54F672153C8520093C94E /* shijuexiaoguo */ = {
			isa = PBXGroup;
			children = (
				3EA54F682153C8870093C94E /* ShiJueViewController.h */,
				3EA54F692153C8870093C94E /* ShiJueViewController.m */,
			);
			name = shijuexiaoguo;
			sourceTree = "<group>";
		};
		3ECBF7C0224233FF00B1BC79 /* test */ = {
			isa = PBXGroup;
			children = (
				3EC80C7D21D263F000C6B4CF /* TestCornerViewController.h */,
				3EC80C7E21D263F000C6B4CF /* TestCornerViewController.m */,
				3ECBF7C12242348100B1BC79 /* MessageforWardVC.h */,
				3ECBF7C22242348100B1BC79 /* MessageforWardVC.m */,
				3ECBF7C42242405200B1BC79 /* UIResponder+messageforward.h */,
				3ECBF7C52242405200B1BC79 /* UIResponder+messageforward.m */,
			);
			name = test;
			sourceTree = "<group>";
		};
		3ED38DF921DDB8C200DC131D /* NoCrashArrayAndDic */ = {
			isa = PBXGroup;
			children = (
				3ED38DF621DDB8B600DC131D /* NSArray+NOCrash.h */,
				3ED38DF721DDB8B600DC131D /* NSArray+NOCrash.m */,
			);
			name = NoCrashArrayAndDic;
			sourceTree = "<group>";
		};
		3EE64D441EC0550700FD06C5 /* scanQR */ = {
			isa = PBXGroup;
			children = (
				3EE64D411EC054FB00FD06C5 /* ScanQRViewController.h */,
				3EE64D421EC054FB00FD06C5 /* ScanQRViewController.m */,
			);
			name = scanQR;
			sourceTree = "<group>";
		};
		3EE64D451EC056B900FD06C5 /* base */ = {
			isa = PBXGroup;
			children = (
				3EE64D481EC056EE00FD06C5 /* UIView+Animate.h */,
				3EE64D491EC056EE00FD06C5 /* UIView+Animate.m */,
				3EE64D4A1EC056EE00FD06C5 /* UIView+Basic.h */,
				3EE64D4B1EC056EE00FD06C5 /* UIView+Basic.m */,
				3EE64D581EC0577200FD06C5 /* UIView+Extension.h */,
				3EE64D591EC0577200FD06C5 /* UIView+Extension.m */,
				3EE64D4C1EC056EE00FD06C5 /* UITextField+utils.m */,
				3EE64D4D1EC056EE00FD06C5 /* UITextView+utils.h */,
				3EE64D4E1EC056EE00FD06C5 /* UITextView+utils.m */,
				3EE64D4F1EC056EE00FD06C5 /* UITableViewCell+utils.h */,
				3EE64D501EC056EE00FD06C5 /* UITableViewCell+utils.m */,
				3EE64D511EC056EE00FD06C5 /* UITextField+utils.h */,
				3EE64D5C1EC05C1800FD06C5 /* UIActionSheet+Blocks.m */,
				3EE64D5D1EC05C1800FD06C5 /* UIActionSheet+Blocks.h */,
				3EE64D5E1EC05C1800FD06C5 /* UIAlertView+Block.m */,
				3EE64D5F1EC05C1800FD06C5 /* UIAlertView+Block.h */,
				3EE64D621EC05CF600FD06C5 /* NSString+utils.h */,
				3EE64D631EC05CF600FD06C5 /* NSString+utils.m */,
			);
			name = base;
			sourceTree = "<group>";
		};
		3EF940451FC6967A009054B2 /* webview */ = {
			isa = PBXGroup;
			children = (
				3EF940461FC696A9009054B2 /* ZLWebViewController.h */,
				3EF940471FC696A9009054B2 /* ZLWebViewController.m */,
			);
			name = webview;
			sourceTree = "<group>";
		};
		631BDC02229294C100DC916A /* yindao */ = {
			isa = PBXGroup;
			children = (
				631BDC03229294C100DC916A /* 1-1 */,
				631BDC10229294C100DC916A /* 2-1 */,
				631BDC18229294C100DC916A /* 3-1 */,
				631BDC20229294C100DC916A /* 4-1 */,
			);
			path = yindao;
			sourceTree = "<group>";
		};
		631BDC03229294C100DC916A /* 1-1 */ = {
			isa = PBXGroup;
			children = (
				636932092295388D0009AEDD /* data1.json */,
				636931FE229538840009AEDD /* images */,
			);
			path = "1-1";
			sourceTree = "<group>";
		};
		631BDC10229294C100DC916A /* 2-1 */ = {
			isa = PBXGroup;
			children = (
				631BDC11229294C100DC916A /* images */,
				631BDC17229294C100DC916A /* data2.json */,
			);
			path = "2-1";
			sourceTree = "<group>";
		};
		631BDC11229294C100DC916A /* images */ = {
			isa = PBXGroup;
			children = (
				631BDC12229294C100DC916A /* img2_4.png */,
				631BDC13229294C100DC916A /* img2_1.png */,
				631BDC14229294C100DC916A /* img2_0.png */,
				631BDC15229294C100DC916A /* img2_2.png */,
				631BDC16229294C100DC916A /* img2_3.png */,
			);
			path = images;
			sourceTree = "<group>";
		};
		631BDC18229294C100DC916A /* 3-1 */ = {
			isa = PBXGroup;
			children = (
				631BDC19229294C100DC916A /* images */,
				631BDC1F229294C100DC916A /* data3.json */,
			);
			path = "3-1";
			sourceTree = "<group>";
		};
		631BDC19229294C100DC916A /* images */ = {
			isa = PBXGroup;
			children = (
				631BDC1A229294C100DC916A /* img3_4.png */,
				631BDC1B229294C100DC916A /* img3_2.png */,
				631BDC1C229294C100DC916A /* img3_3.png */,
				631BDC1D229294C100DC916A /* img3_1.png */,
				631BDC1E229294C100DC916A /* img3_0.png */,
			);
			path = images;
			sourceTree = "<group>";
		};
		631BDC20229294C100DC916A /* 4-1 */ = {
			isa = PBXGroup;
			children = (
				631BDC21229294C100DC916A /* images */,
				631BDC26229294C100DC916A /* data4.json */,
			);
			path = "4-1";
			sourceTree = "<group>";
		};
		631BDC21229294C100DC916A /* images */ = {
			isa = PBXGroup;
			children = (
				631BDC22229294C100DC916A /* img4_1.png */,
				631BDC23229294C100DC916A /* img4_0.png */,
				631BDC24229294C100DC916A /* img4_2.png */,
				631BDC25229294C100DC916A /* img4_3.png */,
			);
			path = images;
			sourceTree = "<group>";
		};
		636931FE229538840009AEDD /* images */ = {
			isa = PBXGroup;
			children = (
				636931FF229538840009AEDD /* img_1.png */,
				63693200229538840009AEDD /* img_0.png */,
				63693201229538840009AEDD /* img_2.png */,
				63693202229538840009AEDD /* img_3.png */,
				63693203229538840009AEDD /* img_4.png */,
			);
			path = images;
			sourceTree = "<group>";
		};
		63A6A4EB22BBC91800F30801 /* collectionView */ = {
			isa = PBXGroup;
			children = (
				63A6A4EC22BBC95300F30801 /* CollectionViewController.h */,
				63A6A4ED22BBC95300F30801 /* CollectionViewController.m */,
				63A6A4EF22BBCBEB00F30801 /* VoiceBookCollectionViewCell.h */,
				63A6A4F022BBCBEB00F30801 /* VoiceBookCollectionViewCell.m */,
				63E9D82C22BC785700636D67 /* BooksBackCollectionReusableView.h */,
				63E9D82D22BC785700636D67 /* BooksBackCollectionReusableView.m */,
				63E9D83322BC793B00636D67 /* BooksCollectionViewFlowLayout.h */,
				63E9D83422BC793B00636D67 /* BooksCollectionViewFlowLayout.m */,
				63E9D82F22BC788300636D67 /* img_shujia@2x.png */,
				63E9D83022BC788300636D67 /* img_shujia@3x.png */,
			);
			name = collectionView;
			sourceTree = "<group>";
		};
		63A6E89C226EC3F000CED18A /* webpDongTu */ = {
			isa = PBXGroup;
			children = (
				63A6E89D226EC42900CED18A /* WebPViewController.h */,
				63A6E89E226EC42900CED18A /* WebPViewController.m */,
				631BDC02229294C100DC916A /* yindao */,
				63E929BD22805AA300A7ECEB /* NSDate+Category.h */,
				63E929BE22805AA300A7ECEB /* NSDate+Category.m */,
				63E929BC22805AA300A7ECEB /* NSDateFormatter+Category.h */,
				63E929BB22805AA200A7ECEB /* NSDateFormatter+Category.m */,
				63A6E8A0226EE2F300CED18A /* animated-gif-0.webp */,
				631BDA92228C3E2900DC916A /* yindao.json */,
				631BD67D228AB0DC00DC916A /* zhanghu.json */,
				631BD67F228AB0E500DC916A /* kecheng.json */,
				631BD681228AB0F100DC916A /* haoke.json */,
				631BD69B228AED4100DC916A /* haokeke.json */,
				631BDA77228AF44E00DC916A /* haokekeke.json */,
				631BD683228AB0F800DC916A /* faxian.json */,
			);
			name = webpDongTu;
			sourceTree = "<group>";
		};
		CFE81A1F151D951CC2602640 /* Pods */ = {
			isa = PBXGroup;
			children = (
				90842C14B06A0068CF04E6D5 /* Pods-PageVC.debug.xcconfig */,
				5456943971345C1AF99B4B63 /* Pods-PageVC.release.xcconfig */,
			);
			path = Pods;
			sourceTree = "<group>";
		};
/* End PBXGroup section */

/* Begin PBXNativeTarget section */
		3E9747401CD1BFAD00C09BEA /* PageVC */ = {
			isa = PBXNativeTarget;
			buildConfigurationList = 3E9747711CD1BFAE00C09BEA /* Build configuration list for PBXNativeTarget "PageVC" */;
			buildPhases = (
				6BFBB1BA4D3E54A970FD24F9 /* [CP] Check Pods Manifest.lock */,
				3E97473D1CD1BFAD00C09BEA /* Sources */,
				3E97473E1CD1BFAD00C09BEA /* Frameworks */,
				3E97473F1CD1BFAD00C09BEA /* Resources */,
			);
			buildRules = (
			);
			dependencies = (
			);
			name = PageVC;
			productName = PageVC;
			productReference = 3E9747411CD1BFAD00C09BEA /* PageVC.app */;
			productType = "com.apple.product-type.application";
		};
		3E97475C1CD1BFAE00C09BEA /* PageVCTests */ = {
			isa = PBXNativeTarget;
			buildConfigurationList = 3E9747741CD1BFAE00C09BEA /* Build configuration list for PBXNativeTarget "PageVCTests" */;
			buildPhases = (
				3E9747591CD1BFAE00C09BEA /* Sources */,
				3E97475A1CD1BFAE00C09BEA /* Frameworks */,
				3E97475B1CD1BFAE00C09BEA /* Resources */,
			);
			buildRules = (
			);
			dependencies = (
				3E97475F1CD1BFAE00C09BEA /* PBXTargetDependency */,
			);
			name = PageVCTests;
			productName = PageVCTests;
			productReference = 3E97475D1CD1BFAE00C09BEA /* PageVCTests.xctest */;
			productType = "com.apple.product-type.bundle.unit-test";
		};
		3E9747671CD1BFAE00C09BEA /* PageVCUITests */ = {
			isa = PBXNativeTarget;
			buildConfigurationList = 3E9747771CD1BFAE00C09BEA /* Build configuration list for PBXNativeTarget "PageVCUITests" */;
			buildPhases = (
				3E9747641CD1BFAE00C09BEA /* Sources */,
				3E9747651CD1BFAE00C09BEA /* Frameworks */,
				3E9747661CD1BFAE00C09BEA /* Resources */,
			);
			buildRules = (
			);
			dependencies = (
				3E97476A1CD1BFAE00C09BEA /* PBXTargetDependency */,
			);
			name = PageVCUITests;
			productName = PageVCUITests;
			productReference = 3E9747681CD1BFAE00C09BEA /* PageVCUITests.xctest */;
			productType = "com.apple.product-type.bundle.ui-testing";
		};
/* End PBXNativeTarget section */

/* Begin PBXProject section */
		3E9747391CD1BFAD00C09BEA /* Project object */ = {
			isa = PBXProject;
			attributes = {
				LastUpgradeCheck = 0730;
				ORGANIZATIONNAME = Lina;
				TargetAttributes = {
					3E9747401CD1BFAD00C09BEA = {
						CreatedOnToolsVersion = 7.3;
						DevelopmentTeam = 5EMFG9Z439;
						LastSwiftMigration = 0820;
						ProvisioningStyle = Manual;
					};
					3E97475C1CD1BFAE00C09BEA = {
						CreatedOnToolsVersion = 7.3;
						TestTargetID = 3E9747401CD1BFAD00C09BEA;
					};
					3E9747671CD1BFAE00C09BEA = {
						CreatedOnToolsVersion = 7.3;
						TestTargetID = 3E9747401CD1BFAD00C09BEA;
					};
				};
			};
			buildConfigurationList = 3E97473C1CD1BFAD00C09BEA /* Build configuration list for PBXProject "PageVC" */;
			compatibilityVersion = "Xcode 3.2";
			developmentRegion = English;
			hasScannedForEncodings = 0;
			knownRegions = (
				English,
				en,
				Base,
			);
			mainGroup = 3E9747381CD1BFAD00C09BEA;
			productRefGroup = 3E9747421CD1BFAD00C09BEA /* Products */;
			projectDirPath = "";
			projectRoot = "";
			targets = (
				3E9747401CD1BFAD00C09BEA /* PageVC */,
				3E97475C1CD1BFAE00C09BEA /* PageVCTests */,
				3E9747671CD1BFAE00C09BEA /* PageVCUITests */,
			);
		};
/* End PBXProject section */

/* Begin PBXResourcesBuildPhase section */
		3E97473F1CD1BFAD00C09BEA /* Resources */ = {
			isa = PBXResourcesBuildPhase;
			buildActionMask = 2147483647;
			files = (
				631BD680228AB0E600DC916A /* kecheng.json in Resources */,
				631BDC3D229294C200DC916A /* data3.json in Resources */,
				63E9D83222BC788400636D67 /* img_shujia@3x.png in Resources */,
				631BDC3C229294C200DC916A /* img3_0.png in Resources */,
				3EDEAE5821512D5D004E506E /* 2.png in Resources */,
				631BDC34229294C200DC916A /* img2_0.png in Resources */,
				631BD682228AB0F100DC916A /* haoke.json in Resources */,
				631BD67E228AB0DC00DC916A /* zhanghu.json in Resources */,
				6369320A2295388D0009AEDD /* data1.json in Resources */,
				631BDC40229294C200DC916A /* img4_2.png in Resources */,
				631BDC36229294C200DC916A /* img2_3.png in Resources */,
				631BD684228AB0F800DC916A /* faxian.json in Resources */,
				3EDEAE5321512D22004E506E /* 1.png in Resources */,
				63693206229538840009AEDD /* img_2.png in Resources */,
				631BDC33229294C200DC916A /* img2_1.png in Resources */,
				63A6E8A1226EE2F400CED18A /* animated-gif-0.webp in Resources */,
				631BDC35229294C200DC916A /* img2_2.png in Resources */,
				631BDC3E229294C200DC916A /* img4_1.png in Resources */,
				631BDC42229294C200DC916A /* data4.json in Resources */,
				631BDA93228C3E2900DC916A /* yindao.json in Resources */,
				63A6E8A7226F1A4000CED18A /* Main.storyboard in Resources */,
				63693205229538840009AEDD /* img_0.png in Resources */,
				631BD69C228AED4200DC916A /* haokeke.json in Resources */,
				631BDC3F229294C200DC916A /* img4_0.png in Resources */,
				3EDEAE5921512D5D004E506E /* 3.png in Resources */,
				3E9747541CD1BFAE00C09BEA /* Assets.xcassets in Resources */,
				63693204229538840009AEDD /* img_1.png in Resources */,
				631BDC39229294C200DC916A /* img3_2.png in Resources */,
				631BDC41229294C200DC916A /* img4_3.png in Resources */,
				631BDA78228AF44E00DC916A /* haokekeke.json in Resources */,
				631BDC32229294C200DC916A /* img2_4.png in Resources */,
				631BDC38229294C200DC916A /* img3_4.png in Resources */,
				3EDEAE5721512D5D004E506E /* 4.png in Resources */,
				631BDC3A229294C200DC916A /* img3_3.png in Resources */,
				631BDC3B229294C200DC916A /* img3_1.png in Resources */,
				63E9D83122BC788400636D67 /* img_shujia@2x.png in Resources */,
				631BDC37229294C200DC916A /* data2.json in Resources */,
				63693207229538840009AEDD /* img_3.png in Resources */,
				63693208229538840009AEDD /* img_4.png in Resources */,
			);
			runOnlyForDeploymentPostprocessing = 0;
		};
		3E97475B1CD1BFAE00C09BEA /* Resources */ = {
			isa = PBXResourcesBuildPhase;
			buildActionMask = 2147483647;
			files = (
			);
			runOnlyForDeploymentPostprocessing = 0;
		};
		3E9747661CD1BFAE00C09BEA /* Resources */ = {
			isa = PBXResourcesBuildPhase;
			buildActionMask = 2147483647;
			files = (
			);
			runOnlyForDeploymentPostprocessing = 0;
		};
/* End PBXResourcesBuildPhase section */

/* Begin PBXShellScriptBuildPhase section */
		6BFBB1BA4D3E54A970FD24F9 /* [CP] Check Pods Manifest.lock */ = {
			isa = PBXShellScriptBuildPhase;
			buildActionMask = 2147483647;
			files = (
			);
			inputFileListPaths = (
			);
			inputPaths = (
				"${PODS_PODFILE_DIR_PATH}/Podfile.lock",
				"${PODS_ROOT}/Manifest.lock",
			);
			name = "[CP] Check Pods Manifest.lock";
			outputFileListPaths = (
			);
			outputPaths = (
				"$(DERIVED_FILE_DIR)/Pods-PageVC-checkManifestLockResult.txt",
			);
			runOnlyForDeploymentPostprocessing = 0;
			shellPath = /bin/sh;
			shellScript = "diff \"${PODS_PODFILE_DIR_PATH}/Podfile.lock\" \"${PODS_ROOT}/Manifest.lock\" > /dev/null\nif [ $? != 0 ] ; then\n    # print error to STDERR\n    echo \"error: The sandbox is not in sync with the Podfile.lock. Run 'pod install' or update your CocoaPods installation.\" >&2\n    exit 1\nfi\n# This output is used by Xcode 'outputs' to avoid re-running this script phase.\necho \"SUCCESS\" > \"${SCRIPT_OUTPUT_FILE_0}\"\n";
			showEnvVarsInLog = 0;
		};
/* End PBXShellScriptBuildPhase section */

/* Begin PBXSourcesBuildPhase section */
		3E97473D1CD1BFAD00C09BEA /* Sources */ = {
			isa = PBXSourcesBuildPhase;
			buildActionMask = 2147483647;
			files = (
				3EE64D551EC056EE00FD06C5 /* UITextField+utils.m in Sources */,
				63A6A4F122BBCBEB00F30801 /* VoiceBookCollectionViewCell.m in Sources */,
				3EC80C7F21D263F000C6B4CF /* TestCornerViewController.m in Sources */,
				3EE64D601EC05C1800FD06C5 /* UIActionSheet+Blocks.m in Sources */,
				3E8FDBAF20FF41E90035FACD /* LNZheZhaoViewController.m in Sources */,
				3E9747491CD1BFAE00C09BEA /* AppDelegate.m in Sources */,
				3EE64D561EC056EE00FD06C5 /* UITextView+utils.m in Sources */,
				3E97474C1CD1BFAE00C09BEA /* MasterViewController.m in Sources */,
				3EE64D571EC056EE00FD06C5 /* UITableViewCell+utils.m in Sources */,
				63A6A4EE22BBC95300F30801 /* CollectionViewController.m in Sources */,
				3EE64D541EC056EE00FD06C5 /* UIView+Basic.m in Sources */,
				3E9747461CD1BFAE00C09BEA /* main.m in Sources */,
				3E7933EB214F869D0055A180 /* UserLayerViewController.m in Sources */,
				3E1DB1C120E9F6F800AB67AA /* LNFingerLineModel.m in Sources */,
				3E5206901E72B83100AC0874 /* NBNotificationView.m in Sources */,
				63E9D82E22BC785700636D67 /* BooksBackCollectionReusableView.m in Sources */,
				3ED38DF821DDB8B600DC131D /* NSArray+NOCrash.m in Sources */,
				3EA54F6A2153C8870093C94E /* ShiJueViewController.m in Sources */,
				3EF940481FC696A9009054B2 /* ZLWebViewController.m in Sources */,
				3E5206881E7242DE00AC0874 /* test.swift in Sources */,
				63E929BF22805AA300A7ECEB /* NSDateFormatter+Category.m in Sources */,
				63E9D83522BC793B00636D67 /* BooksCollectionViewFlowLayout.m in Sources */,
				3ECBF7C62242405200B1BC79 /* UIResponder+messageforward.m in Sources */,
				3EE64D5A1EC0577200FD06C5 /* UIView+Extension.m in Sources */,
				3EE64D531EC056EE00FD06C5 /* UIView+Animate.m in Sources */,
				3EE64D611EC05C1800FD06C5 /* UIAlertView+Block.m in Sources */,
				3EE64D431EC054FB00FD06C5 /* ScanQRViewController.m in Sources */,
				3E97474F1CD1BFAE00C09BEA /* DetailViewController.m in Sources */,
				63A6E89F226EC42900CED18A /* WebPViewController.m in Sources */,
				3EE64D641EC05CF600FD06C5 /* NSString+utils.m in Sources */,
				3ECBF7C32242348100B1BC79 /* MessageforWardVC.m in Sources */,
				63E929C022805AA300A7ECEB /* NSDate+Category.m in Sources */,
				3E1DB1BE20E9F57700AB67AA /* LNFingerLineView.m in Sources */,
			);
			runOnlyForDeploymentPostprocessing = 0;
		};
		3E9747591CD1BFAE00C09BEA /* Sources */ = {
			isa = PBXSourcesBuildPhase;
			buildActionMask = 2147483647;
			files = (
				3E9747621CD1BFAE00C09BEA /* PageVCTests.m in Sources */,
			);
			runOnlyForDeploymentPostprocessing = 0;
		};
		3E9747641CD1BFAE00C09BEA /* Sources */ = {
			isa = PBXSourcesBuildPhase;
			buildActionMask = 2147483647;
			files = (
				3E97476D1CD1BFAE00C09BEA /* PageVCUITests.m in Sources */,
			);
			runOnlyForDeploymentPostprocessing = 0;
		};
/* End PBXSourcesBuildPhase section */

/* Begin PBXTargetDependency section */
		3E97475F1CD1BFAE00C09BEA /* PBXTargetDependency */ = {
			isa = PBXTargetDependency;
			target = 3E9747401CD1BFAD00C09BEA /* PageVC */;
			targetProxy = 3E97475E1CD1BFAE00C09BEA /* PBXContainerItemProxy */;
		};
		3E97476A1CD1BFAE00C09BEA /* PBXTargetDependency */ = {
			isa = PBXTargetDependency;
			target = 3E9747401CD1BFAD00C09BEA /* PageVC */;
			targetProxy = 3E9747691CD1BFAE00C09BEA /* PBXContainerItemProxy */;
		};
/* End PBXTargetDependency section */

/* Begin PBXVariantGroup section */
		63A6E8A5226F1A4000CED18A /* Main.storyboard */ = {
			isa = PBXVariantGroup;
			children = (
				63A6E8A6226F1A4000CED18A /* Base */,
			);
			name = Main.storyboard;
			sourceTree = "<group>";
		};
/* End PBXVariantGroup section */

/* Begin XCBuildConfiguration section */
		3E97476F1CD1BFAE00C09BEA /* Debug */ = {
			isa = XCBuildConfiguration;
			buildSettings = {
				ALWAYS_SEARCH_USER_PATHS = NO;
				CLANG_ANALYZER_NONNULL = YES;
				CLANG_CXX_LANGUAGE_STANDARD = "gnu++0x";
				CLANG_CXX_LIBRARY = "libc++";
				CLANG_ENABLE_MODULES = YES;
				CLANG_ENABLE_OBJC_ARC = YES;
				CLANG_WARN_BOOL_CONVERSION = YES;
				CLANG_WARN_CONSTANT_CONVERSION = YES;
				CLANG_WARN_DIRECT_OBJC_ISA_USAGE = YES_ERROR;
				CLANG_WARN_EMPTY_BODY = YES;
				CLANG_WARN_ENUM_CONVERSION = YES;
				CLANG_WARN_INT_CONVERSION = YES;
				CLANG_WARN_OBJC_ROOT_CLASS = YES_ERROR;
				CLANG_WARN_UNREACHABLE_CODE = YES;
				CLANG_WARN__DUPLICATE_METHOD_MATCH = YES;
				"CODE_SIGN_IDENTITY[sdk=iphoneos*]" = "iPhone Developer";
				COPY_PHASE_STRIP = NO;
				DEBUG_INFORMATION_FORMAT = dwarf;
				ENABLE_STRICT_OBJC_MSGSEND = YES;
				ENABLE_TESTABILITY = YES;
				GCC_C_LANGUAGE_STANDARD = gnu99;
				GCC_DYNAMIC_NO_PIC = NO;
				GCC_NO_COMMON_BLOCKS = YES;
				GCC_OPTIMIZATION_LEVEL = 0;
				GCC_PREPROCESSOR_DEFINITIONS = (
					"DEBUG=1",
					"$(inherited)",
				);
				GCC_WARN_64_TO_32_BIT_CONVERSION = YES;
				GCC_WARN_ABOUT_RETURN_TYPE = YES_ERROR;
				GCC_WARN_UNDECLARED_SELECTOR = YES;
				GCC_WARN_UNINITIALIZED_AUTOS = YES_AGGRESSIVE;
				GCC_WARN_UNUSED_FUNCTION = YES;
				GCC_WARN_UNUSED_VARIABLE = YES;
				IPHONEOS_DEPLOYMENT_TARGET = 9.3;
				MTL_ENABLE_DEBUG_INFO = YES;
				ONLY_ACTIVE_ARCH = YES;
				SDKROOT = iphoneos;
				TARGETED_DEVICE_FAMILY = "1,2";
			};
			name = Debug;
		};
		3E9747701CD1BFAE00C09BEA /* Release */ = {
			isa = XCBuildConfiguration;
			buildSettings = {
				ALWAYS_SEARCH_USER_PATHS = NO;
				CLANG_ANALYZER_NONNULL = YES;
				CLANG_CXX_LANGUAGE_STANDARD = "gnu++0x";
				CLANG_CXX_LIBRARY = "libc++";
				CLANG_ENABLE_MODULES = YES;
				CLANG_ENABLE_OBJC_ARC = YES;
				CLANG_WARN_BOOL_CONVERSION = YES;
				CLANG_WARN_CONSTANT_CONVERSION = YES;
				CLANG_WARN_DIRECT_OBJC_ISA_USAGE = YES_ERROR;
				CLANG_WARN_EMPTY_BODY = YES;
				CLANG_WARN_ENUM_CONVERSION = YES;
				CLANG_WARN_INT_CONVERSION = YES;
				CLANG_WARN_OBJC_ROOT_CLASS = YES_ERROR;
				CLANG_WARN_UNREACHABLE_CODE = YES;
				CLANG_WARN__DUPLICATE_METHOD_MATCH = YES;
				"CODE_SIGN_IDENTITY[sdk=iphoneos*]" = "iPhone Developer";
				COPY_PHASE_STRIP = NO;
				DEBUG_INFORMATION_FORMAT = "dwarf-with-dsym";
				ENABLE_NS_ASSERTIONS = NO;
				ENABLE_STRICT_OBJC_MSGSEND = YES;
				GCC_C_LANGUAGE_STANDARD = gnu99;
				GCC_NO_COMMON_BLOCKS = YES;
				GCC_WARN_64_TO_32_BIT_CONVERSION = YES;
				GCC_WARN_ABOUT_RETURN_TYPE = YES_ERROR;
				GCC_WARN_UNDECLARED_SELECTOR = YES;
				GCC_WARN_UNINITIALIZED_AUTOS = YES_AGGRESSIVE;
				GCC_WARN_UNUSED_FUNCTION = YES;
				GCC_WARN_UNUSED_VARIABLE = YES;
				IPHONEOS_DEPLOYMENT_TARGET = 9.3;
				MTL_ENABLE_DEBUG_INFO = NO;
				SDKROOT = iphoneos;
				TARGETED_DEVICE_FAMILY = "1,2";
				VALIDATE_PRODUCT = YES;
			};
			name = Release;
		};
		3E9747721CD1BFAE00C09BEA /* Debug */ = {
			isa = XCBuildConfiguration;
			baseConfigurationReference = 90842C14B06A0068CF04E6D5 /* Pods-PageVC.debug.xcconfig */;
			buildSettings = {
				ALWAYS_EMBED_SWIFT_STANDARD_LIBRARIES = YES;
				ASSETCATALOG_COMPILER_APPICON_NAME = AppIcon;
				CLANG_ENABLE_MODULES = YES;
				CODE_SIGN_STYLE = Manual;
				DEFINES_MODULE = YES;
				DEVELOPMENT_TEAM = 5EMFG9Z439;
				GCC_PRECOMPILE_PREFIX_HEADER = YES;
				GCC_PREFIX_HEADER = "$(SRCROOT)/PageVC/PageVC-Prefix.pch";
				INFOPLIST_FILE = PageVC/Info.plist;
				IPHONEOS_DEPLOYMENT_TARGET = 8.0;
				LD_RUNPATH_SEARCH_PATHS = "$(inherited) @executable_path/Frameworks";
				PRODUCT_BUNDLE_IDENTIFIER = com.baijiahulian.student;
				PRODUCT_NAME = "$(TARGET_NAME)";
				PROVISIONING_PROFILE_SPECIFIER = student_development;
				SWIFT_OBJC_BRIDGING_HEADER = "PageVC/PageVC-Bridging-Header.h";
				SWIFT_OPTIMIZATION_LEVEL = "-Onone";
				SWIFT_VERSION = 5.0;
			};
			name = Debug;
		};
		3E9747731CD1BFAE00C09BEA /* Release */ = {
			isa = XCBuildConfiguration;
			baseConfigurationReference = 5456943971345C1AF99B4B63 /* Pods-PageVC.release.xcconfig */;
			buildSettings = {
				ALWAYS_EMBED_SWIFT_STANDARD_LIBRARIES = YES;
				ASSETCATALOG_COMPILER_APPICON_NAME = AppIcon;
				CLANG_ENABLE_MODULES = YES;
				CODE_SIGN_STYLE = Manual;
				DEFINES_MODULE = YES;
				DEVELOPMENT_TEAM = "";
				GCC_PRECOMPILE_PREFIX_HEADER = YES;
				GCC_PREFIX_HEADER = "$(SRCROOT)/PageVC/PageVC-Prefix.pch";
				INFOPLIST_FILE = PageVC/Info.plist;
				IPHONEOS_DEPLOYMENT_TARGET = 8.0;
				LD_RUNPATH_SEARCH_PATHS = "$(inherited) @executable_path/Frameworks";
				PRODUCT_BUNDLE_IDENTIFIER = com.baijiahulian.student;
				PRODUCT_NAME = "$(TARGET_NAME)";
				PROVISIONING_PROFILE_SPECIFIER = "";
				SWIFT_OBJC_BRIDGING_HEADER = "PageVC/PageVC-Bridging-Header.h";
				SWIFT_VERSION = 5.0;
			};
			name = Release;
		};
		3E9747751CD1BFAE00C09BEA /* Debug */ = {
			isa = XCBuildConfiguration;
			buildSettings = {
				ALWAYS_EMBED_SWIFT_STANDARD_LIBRARIES = YES;
				BUNDLE_LOADER = "$(TEST_HOST)";
				INFOPLIST_FILE = PageVCTests/Info.plist;
				LD_RUNPATH_SEARCH_PATHS = "$(inherited) @executable_path/Frameworks @loader_path/Frameworks";
				PRODUCT_BUNDLE_IDENTIFIER = zhanglina.PageVCTests;
				PRODUCT_NAME = "$(TARGET_NAME)";
				TEST_HOST = "$(BUILT_PRODUCTS_DIR)/PageVC.app/PageVC";
			};
			name = Debug;
		};
		3E9747761CD1BFAE00C09BEA /* Release */ = {
			isa = XCBuildConfiguration;
			buildSettings = {
				ALWAYS_EMBED_SWIFT_STANDARD_LIBRARIES = YES;
				BUNDLE_LOADER = "$(TEST_HOST)";
				INFOPLIST_FILE = PageVCTests/Info.plist;
				LD_RUNPATH_SEARCH_PATHS = "$(inherited) @executable_path/Frameworks @loader_path/Frameworks";
				PRODUCT_BUNDLE_IDENTIFIER = zhanglina.PageVCTests;
				PRODUCT_NAME = "$(TARGET_NAME)";
				TEST_HOST = "$(BUILT_PRODUCTS_DIR)/PageVC.app/PageVC";
			};
			name = Release;
		};
		3E9747781CD1BFAE00C09BEA /* Debug */ = {
			isa = XCBuildConfiguration;
			buildSettings = {
				ALWAYS_EMBED_SWIFT_STANDARD_LIBRARIES = YES;
				INFOPLIST_FILE = PageVCUITests/Info.plist;
				LD_RUNPATH_SEARCH_PATHS = "$(inherited) @executable_path/Frameworks @loader_path/Frameworks";
				PRODUCT_BUNDLE_IDENTIFIER = zhanglina.PageVCUITests;
				PRODUCT_NAME = "$(TARGET_NAME)";
				TEST_TARGET_NAME = PageVC;
			};
			name = Debug;
		};
		3E9747791CD1BFAE00C09BEA /* Release */ = {
			isa = XCBuildConfiguration;
			buildSettings = {
				ALWAYS_EMBED_SWIFT_STANDARD_LIBRARIES = YES;
				INFOPLIST_FILE = PageVCUITests/Info.plist;
				LD_RUNPATH_SEARCH_PATHS = "$(inherited) @executable_path/Frameworks @loader_path/Frameworks";
				PRODUCT_BUNDLE_IDENTIFIER = zhanglina.PageVCUITests;
				PRODUCT_NAME = "$(TARGET_NAME)";
				TEST_TARGET_NAME = PageVC;
			};
			name = Release;
		};
/* End XCBuildConfiguration section */

/* Begin XCConfigurationList section */
		3E97473C1CD1BFAD00C09BEA /* Build configuration list for PBXProject "PageVC" */ = {
			isa = XCConfigurationList;
			buildConfigurations = (
				3E97476F1CD1BFAE00C09BEA /* Debug */,
				3E9747701CD1BFAE00C09BEA /* Release */,
			);
			defaultConfigurationIsVisible = 0;
			defaultConfigurationName = Release;
		};
		3E9747711CD1BFAE00C09BEA /* Build configuration list for PBXNativeTarget "PageVC" */ = {
			isa = XCConfigurationList;
			buildConfigurations = (
				3E9747721CD1BFAE00C09BEA /* Debug */,
				3E9747731CD1BFAE00C09BEA /* Release */,
			);
			defaultConfigurationIsVisible = 0;
			defaultConfigurationName = Release;
		};
		3E9747741CD1BFAE00C09BEA /* Build configuration list for PBXNativeTarget "PageVCTests" */ = {
			isa = XCConfigurationList;
			buildConfigurations = (
				3E9747751CD1BFAE00C09BEA /* Debug */,
				3E9747761CD1BFAE00C09BEA /* Release */,
			);
			defaultConfigurationIsVisible = 0;
			defaultConfigurationName = Release;
		};
		3E9747771CD1BFAE00C09BEA /* Build configuration list for PBXNativeTarget "PageVCUITests" */ = {
			isa = XCConfigurationList;
			buildConfigurations = (
				3E9747781CD1BFAE00C09BEA /* Debug */,
				3E9747791CD1BFAE00C09BEA /* Release */,
			);
			defaultConfigurationIsVisible = 0;
			defaultConfigurationName = Release;
		};
/* End XCConfigurationList section */
	};
	rootObject = 3E9747391CD1BFAD00C09BEA /* Project object */;
}
